
Microsoft Visual Studio Solution File, Format Version 12.00
# Visual Studio 15
VisualStudioVersion = 15.0.27130.2036
MinimumVisualStudioVersion = 10.0.40219.1
Project("{2150E333-8FDC-42A3-9474-1A3956D46DE8}") = "01_Entity", "01_Entity", "{F411BAC6-9287-4821-B76E-A046CBB70D8E}"
EndProject
Project("{2150E333-8FDC-42A3-9474-1A3956D46DE8}") = "02_Infrastructure", "02_Infrastructure", "{B6265852-1144-4A5D-99AF-4BD2AA420C1F}"
EndProject
Project("{2150E333-8FDC-42A3-9474-1A3956D46DE8}") = "03_Logic", "03_Logic", "{298C718F-0274-4647-AB1F-0F2EBDFB8E2D}"
EndProject
Project("{2150E333-8FDC-42A3-9474-1A3956D46DE8}") = "04_Rule", "04_Rule", "{8A65F3CD-7400-469A-9CB9-D8D08AF8B3D7}"
EndProject
Project("{9A19103F-16F7-4668-BE54-9A1E7A4F7556}") = "PSU.Entity", "01_Entity\PSU.Entity\PSU.Entity.csproj", "{301EF5A5-2431-4900-AE90-68C58390CC20}"
EndProject
Project("{9A19103F-16F7-4668-BE54-9A1E7A4F7556}") = "Controllers.PSU", "Controllers.PSU\Controllers.PSU.csproj", "{FEC84492-326A-420A-B8E8-1F9670DD6911}"
EndProject
Project("{9A19103F-16F7-4668-BE54-9A1E7A4F7556}") = "PSU.Utility", "02_Infrastructure\PSU.Utility\PSU.Utility.csproj", "{D20C808B-7CF0-4986-AD6E-9DC9197E3C16}"
EndProject
Project("{9A19103F-16F7-4668-BE54-9A1E7A4F7556}") = "PSU.Domain", "03_Logic\PSU.Domain\PSU.Domain.csproj", "{02786F4A-8F25-4F8A-B657-C2DE19FEB565}"
EndProject
Project("{9A19103F-16F7-4668-BE54-9A1E7A4F7556}") = "PSU.Repository", "03_Logic\PSU.Repository\PSU.Repository.csproj", "{9DCEED24-9A70-4296-9844-9B2589E9C6CE}"
EndProject
Project("{9A19103F-16F7-4668-BE54-9A1E7A4F7556}") = "PSU.IService", "04_Rule\PSU.IService\PSU.IService.csproj", "{C2760055-300E-4231-B248-33448B04547D}"
EndProject
Project("{9A19103F-16F7-4668-BE54-9A1E7A4F7556}") = "PSU.Model", "04_Rule\PSU.Model\PSU.Model.csproj", "{74E08B20-42EB-4051-A8AD-3B945FBBDD8F}"
EndProject
Project("{9A19103F-16F7-4668-BE54-9A1E7A4F7556}") = "PSU.EFCore", "02_Infrastructure\PSU.EFCore\PSU.EFCore.csproj", "{D624643A-BD17-4302-9092-BF8D981E44EC}"
EndProject
Project("{9A19103F-16F7-4668-BE54-9A1E7A4F7556}") = "PSU.Site", "PSU.Site\PSU.Site.csproj", "{CBA2D8D6-4A3F-4782-9BD1-03457D6E6038}"
EndProject
Global
	GlobalSection(SolutionConfigurationPlatforms) = preSolution
		Debug|Any CPU = Debug|Any CPU
		Release|Any CPU = Release|Any CPU
	EndGlobalSection
	GlobalSection(ProjectConfigurationPlatforms) = postSolution
		{301EF5A5-2431-4900-AE90-68C58390CC20}.Debug|Any CPU.ActiveCfg = Debug|Any CPU
		{301EF5A5-2431-4900-AE90-68C58390CC20}.Debug|Any CPU.Build.0 = Debug|Any CPU
		{301EF5A5-2431-4900-AE90-68C58390CC20}.Release|Any CPU.ActiveCfg = Release|Any CPU
		{301EF5A5-2431-4900-AE90-68C58390CC20}.Release|Any CPU.Build.0 = Release|Any CPU
		{FEC84492-326A-420A-B8E8-1F9670DD6911}.Debug|Any CPU.ActiveCfg = Debug|Any CPU
		{FEC84492-326A-420A-B8E8-1F9670DD6911}.Debug|Any CPU.Build.0 = Debug|Any CPU
		{FEC84492-326A-420A-B8E8-1F9670DD6911}.Release|Any CPU.ActiveCfg = Release|Any CPU
		{FEC84492-326A-420A-B8E8-1F9670DD6911}.Release|Any CPU.Build.0 = Release|Any CPU
		{D20C808B-7CF0-4986-AD6E-9DC9197E3C16}.Debug|Any CPU.ActiveCfg = Debug|Any CPU
		{D20C808B-7CF0-4986-AD6E-9DC9197E3C16}.Debug|Any CPU.Build.0 = Debug|Any CPU
		{D20C808B-7CF0-4986-AD6E-9DC9197E3C16}.Release|Any CPU.ActiveCfg = Release|Any CPU
		{D20C808B-7CF0-4986-AD6E-9DC9197E3C16}.Release|Any CPU.Build.0 = Release|Any CPU
		{02786F4A-8F25-4F8A-B657-C2DE19FEB565}.Debug|Any CPU.ActiveCfg = Debug|Any CPU
		{02786F4A-8F25-4F8A-B657-C2DE19FEB565}.Debug|Any CPU.Build.0 = Debug|Any CPU
		{02786F4A-8F25-4F8A-B657-C2DE19FEB565}.Release|Any CPU.ActiveCfg = Release|Any CPU
		{02786F4A-8F25-4F8A-B657-C2DE19FEB565}.Release|Any CPU.Build.0 = Release|Any CPU
		{9DCEED24-9A70-4296-9844-9B2589E9C6CE}.Debug|Any CPU.ActiveCfg = Debug|Any CPU
		{9DCEED24-9A70-4296-9844-9B2589E9C6CE}.Debug|Any CPU.Build.0 = Debug|Any CPU
		{9DCEED24-9A70-4296-9844-9B2589E9C6CE}.Release|Any CPU.ActiveCfg = Release|Any CPU
		{9DCEED24-9A70-4296-9844-9B2589E9C6CE}.Release|Any CPU.Build.0 = Release|Any CPU
		{C2760055-300E-4231-B248-33448B04547D}.Debug|Any CPU.ActiveCfg = Debug|Any CPU
		{C2760055-300E-4231-B248-33448B04547D}.Debug|Any CPU.Build.0 = Debug|Any CPU
		{C2760055-300E-4231-B248-33448B04547D}.Release|Any CPU.ActiveCfg = Release|Any CPU
		{C2760055-300E-4231-B248-33448B04547D}.Release|Any CPU.Build.0 = Release|Any CPU
		{74E08B20-42EB-4051-A8AD-3B945FBBDD8F}.Debug|Any CPU.ActiveCfg = Debug|Any CPU
		{74E08B20-42EB-4051-A8AD-3B945FBBDD8F}.Debug|Any CPU.Build.0 = Debug|Any CPU
		{74E08B20-42EB-4051-A8AD-3B945FBBDD8F}.Release|Any CPU.ActiveCfg = Release|Any CPU
		{74E08B20-42EB-4051-A8AD-3B945FBBDD8F}.Release|Any CPU.Build.0 = Release|Any CPU
		{D624643A-BD17-4302-9092-BF8D981E44EC}.Debug|Any CPU.ActiveCfg = Debug|Any CPU
		{D624643A-BD17-4302-9092-BF8D981E44EC}.Debug|Any CPU.Build.0 = Debug|Any CPU
		{D624643A-BD17-4302-9092-BF8D981E44EC}.Release|Any CPU.ActiveCfg = Release|Any CPU
		{D624643A-BD17-4302-9092-BF8D981E44EC}.Release|Any CPU.Build.0 = Release|Any CPU
		{CBA2D8D6-4A3F-4782-9BD1-03457D6E6038}.Debug|Any CPU.ActiveCfg = Debug|Any CPU
		{CBA2D8D6-4A3F-4782-9BD1-03457D6E6038}.Debug|Any CPU.Build.0 = Debug|Any CPU
		{CBA2D8D6-4A3F-4782-9BD1-03457D6E6038}.Release|Any CPU.ActiveCfg = Release|Any CPU
		{CBA2D8D6-4A3F-4782-9BD1-03457D6E6038}.Release|Any CPU.Build.0 = Release|Any CPU
	EndGlobalSection
	GlobalSection(SolutionProperties) = preSolution
		HideSolutionNode = FALSE
	EndGlobalSection
	GlobalSection(NestedProjects) = preSolution
		{301EF5A5-2431-4900-AE90-68C58390CC20} = {F411BAC6-9287-4821-B76E-A046CBB70D8E}
		{D20C808B-7CF0-4986-AD6E-9DC9197E3C16} = {B6265852-1144-4A5D-99AF-4BD2AA420C1F}
		{02786F4A-8F25-4F8A-B657-C2DE19FEB565} = {298C718F-0274-4647-AB1F-0F2EBDFB8E2D}
		{9DCEED24-9A70-4296-9844-9B2589E9C6CE} = {298C718F-0274-4647-AB1F-0F2EBDFB8E2D}
		{C2760055-300E-4231-B248-33448B04547D} = {8A65F3CD-7400-469A-9CB9-D8D08AF8B3D7}
		{74E08B20-42EB-4051-A8AD-3B945FBBDD8F} = {8A65F3CD-7400-469A-9CB9-D8D08AF8B3D7}
		{D624643A-BD17-4302-9092-BF8D981E44EC} = {B6265852-1144-4A5D-99AF-4BD2AA420C1F}
	EndGlobalSection
	GlobalSection(ExtensibilityGlobals) = postSolution
		SolutionGuid = {8A218120-B79A-47B8-9152-26DFAC07FE73}
	EndGlobalSection
EndGlobal
